
Microsoft Visual Studio Solution File, Format Version 12.00
# Visual Studio 15
VisualStudioVersion = 15.0.28010.2041
MinimumVisualStudioVersion = 10.0.40219.1
Project("{FAE04EC0-301F-11D3-BF4B-00C04F79EFBC}") = "AppVoz-Texto", "AppVoz-Texto\AppVoz-Texto.csproj", "{D90FD3A5-A553-403A-A2C8-FC231D198249}"
EndProject
Global
	GlobalSection(SolutionConfigurationPlatforms) = preSolution
		Debug|Any CPU = Debug|Any CPU
		Release|Any CPU = Release|Any CPU
	EndGlobalSection
	GlobalSection(ProjectConfigurationPlatforms) = postSolution
		{D90FD3A5-A553-403A-A2C8-FC231D198249}.Debug|Any CPU.ActiveCfg = Debug|Any CPU
		{D90FD3A5-A553-403A-A2C8-FC231D198249}.Debug|Any CPU.Build.0 = Debug|Any CPU
		{D90FD3A5-A553-403A-A2C8-FC231D198249}.Debug|Any CPU.Deploy.0 = Debug|Any CPU
		{D90FD3A5-A553-403A-A2C8-FC231D198249}.Release|Any CPU.ActiveCfg = Release|Any CPU
		{D90FD3A5-A553-403A-A2C8-FC231D198249}.Release|Any CPU.Build.0 = Release|Any CPU
		{D90FD3A5-A553-403A-A2C8-FC231D198249}.Release|Any CPU.Deploy.0 = Release|Any CPU
	EndGlobalSection
	GlobalSection(SolutionProperties) = preSolution
		HideSolutionNode = FALSE
	EndGlobalSection
	GlobalSection(ExtensibilityGlobals) = postSolution
		SolutionGuid = {46C49D43-8F17-4279-9321-E1506CB47118}
	EndGlobalSection
EndGlobal
